// !$*UTF8*$!
{
	archiveVersion = 1;
	classes = {
	};
	objectVersion = 50;
	objects = {

/* Begin PBXBuildFile section */
		DDC5EC11265E472B00C94574 /* AppDelegate.swift in Sources */ = {isa = PBXBuildFile; fileRef = DDC5EC10265E472B00C94574 /* AppDelegate.swift */; };
		DDC5EC13265E472B00C94574 /* SceneDelegate.swift in Sources */ = {isa = PBXBuildFile; fileRef = DDC5EC12265E472B00C94574 /* SceneDelegate.swift */; };
		DDC5EC15265E472B00C94574 /* ViewController.swift in Sources */ = {isa = PBXBuildFile; fileRef = DDC5EC14265E472B00C94574 /* ViewController.swift */; };
		DDC5EC18265E472B00C94574 /* Main.storyboard in Resources */ = {isa = PBXBuildFile; fileRef = DDC5EC16265E472B00C94574 /* Main.storyboard */; };
		DDC5EC1A265E472D00C94574 /* Assets.xcassets in Resources */ = {isa = PBXBuildFile; fileRef = DDC5EC19265E472D00C94574 /* Assets.xcassets */; };
		DDC5EC1D265E472D00C94574 /* LaunchScreen.storyboard in Resources */ = {isa = PBXBuildFile; fileRef = DDC5EC1B265E472D00C94574 /* LaunchScreen.storyboard */; };
		DDC5EC28265E472D00C94574 /* I_Am_RichTests.swift in Sources */ = {isa = PBXBuildFile; fileRef = DDC5EC27265E472D00C94574 /* I_Am_RichTests.swift */; };
		DDC5EC33265E472D00C94574 /* I_Am_RichUITests.swift in Sources */ = {isa = PBXBuildFile; fileRef = DDC5EC32265E472D00C94574 /* I_Am_RichUITests.swift */; };
/* End PBXBuildFile section */

/* Begin PBXContainerItemProxy section */
		DDC5EC24265E472D00C94574 /* PBXContainerItemProxy */ = {
			isa = PBXContainerItemProxy;
			containerPortal = DDC5EC05265E472B00C94574 /* Project object */;
			proxyType = 1;
			remoteGlobalIDString = DDC5EC0C265E472B00C94574;
			remoteInfo = "I-Am-Rich";
		};
		DDC5EC2F265E472D00C94574 /* PBXContainerItemProxy */ = {
			isa = PBXContainerItemProxy;
			containerPortal = DDC5EC05265E472B00C94574 /* Project object */;
			proxyType = 1;
			remoteGlobalIDString = DDC5EC0C265E472B00C94574;
			remoteInfo = "I-Am-Rich";
		};
/* End PBXContainerItemProxy section */

/* Begin PBXFileReference section */
		DDC5EC0D265E472B00C94574 /* I-Am-Rich.app */ = {isa = PBXFileReference; explicitFileType = wrapper.application; includeInIndex = 0; path = "I-Am-Rich.app"; sourceTree = BUILT_PRODUCTS_DIR; };
		DDC5EC10265E472B00C94574 /* AppDelegate.swift */ = {isa = PBXFileReference; lastKnownFileType = sourcecode.swift; path = AppDelegate.swift; sourceTree = "<group>"; };
		DDC5EC12265E472B00C94574 /* SceneDelegate.swift */ = {isa = PBXFileReference; lastKnownFileType = sourcecode.swift; path = SceneDelegate.swift; sourceTree = "<group>"; };
		DDC5EC14265E472B00C94574 /* ViewController.swift */ = {isa = PBXFileReference; lastKnownFileType = sourcecode.swift; path = ViewController.swift; sourceTree = "<group>"; };
		DDC5EC17265E472B00C94574 /* Base */ = {isa = PBXFileReference; lastKnownFileType = file.storyboard; name = Base; path = Base.lproj/Main.storyboard; sourceTree = "<group>"; };
		DDC5EC19265E472D00C94574 /* Assets.xcassets */ = {isa = PBXFileReference; lastKnownFileType = folder.assetcatalog; path = Assets.xcassets; sourceTree = "<group>"; };
		DDC5EC1C265E472D00C94574 /* Base */ = {isa = PBXFileReference; lastKnownFileType = file.storyboard; name = Base; path = Base.lproj/LaunchScreen.storyboard; sourceTree = "<group>"; };
		DDC5EC1E265E472D00C94574 /* Info.plist */ = {isa = PBXFileReference; lastKnownFileType = text.plist.xml; path = Info.plist; sourceTree = "<group>"; };
		DDC5EC23265E472D00C94574 /* I-Am-RichTests.xctest */ = {isa = PBXFileReference; explicitFileType = wrapper.cfbundle; includeInIndex = 0; path = "I-Am-RichTests.xctest"; sourceTree = BUILT_PRODUCTS_DIR; };
		DDC5EC27265E472D00C94574 /* I_Am_RichTests.swift */ = {isa = PBXFileReference; lastKnownFileType = sourcecode.swift; path = I_Am_RichTests.swift; sourceTree = "<group>"; };
		DDC5EC29265E472D00C94574 /* Info.plist */ = {isa = PBXFileReference; lastKnownFileType = text.plist.xml; path = Info.plist; sourceTree = "<group>"; };
		DDC5EC2E265E472D00C94574 /* I-Am-RichUITests.xctest */ = {isa = PBXFileReference; explicitFileType = wrapper.cfbundle; includeInIndex = 0; path = "I-Am-RichUITests.xctest"; sourceTree = BUILT_PRODUCTS_DIR; };
		DDC5EC32265E472D00C94574 /* I_Am_RichUITests.swift */ = {isa = PBXFileReference; lastKnownFileType = sourcecode.swift; path = I_Am_RichUITests.swift; sourceTree = "<group>"; };
		DDC5EC34265E472D00C94574 /* Info.plist */ = {isa = PBXFileReference; lastKnownFileType = text.plist.xml; path = Info.plist; sourceTree = "<group>"; };
/* End PBXFileReference section */

/* Begin PBXFrameworksBuildPhase section */
		DDC5EC0A265E472B00C94574 /* Frameworks */ = {
			isa = PBXFrameworksBuildPhase;
			buildActionMask = 2147483647;
			files = (
			);
			runOnlyForDeploymentPostprocessing = 0;
		};
		DDC5EC20265E472D00C94574 /* Frameworks */ = {
			isa = PBXFrameworksBuildPhase;
			buildActionMask = 2147483647;
			files = (
			);
			runOnlyForDeploymentPostprocessing = 0;
		};
		DDC5EC2B265E472D00C94574 /* Frameworks */ = {
			isa = PBXFrameworksBuildPhase;
			buildActionMask = 2147483647;
			files = (
			);
			runOnlyForDeploymentPostprocessing = 0;
		};
/* End PBXFrameworksBuildPhase section */

/* Begin PBXGroup section */
		DDC5EC04265E472B00C94574 = {
			isa = PBXGroup;
			children = (
				DDC5EC0F265E472B00C94574 /* I-Am-Rich */,
				DDC5EC26265E472D00C94574 /* I-Am-RichTests */,
				DDC5EC31265E472D00C94574 /* I-Am-RichUITests */,
				DDC5EC0E265E472B00C94574 /* Products */,
			);
			sourceTree = "<group>";
		};
		DDC5EC0E265E472B00C94574 /* Products */ = {
			isa = PBXGroup;
			children = (
				DDC5EC0D265E472B00C94574 /* I-Am-Rich.app */,
				DDC5EC23265E472D00C94574 /* I-Am-RichTests.xctest */,
				DDC5EC2E265E472D00C94574 /* I-Am-RichUITests.xctest */,
			);
			name = Products;
			sourceTree = "<group>";
		};
		DDC5EC0F265E472B00C94574 /* I-Am-Rich */ = {
			isa = PBXGroup;
			children = (
				DDC5EC10265E472B00C94574 /* AppDelegate.swift */,
				DDC5EC12265E472B00C94574 /* SceneDelegate.swift */,
				DDC5EC14265E472B00C94574 /* ViewController.swift */,
				DDC5EC16265E472B00C94574 /* Main.storyboard */,
				DDC5EC19265E472D00C94574 /* Assets.xcassets */,
				DDC5EC1B265E472D00C94574 /* LaunchScreen.storyboard */,
				DDC5EC1E265E472D00C94574 /* Info.plist */,
			);
			path = "I-Am-Rich";
			sourceTree = "<group>";
		};
		DDC5EC26265E472D00C94574 /* I-Am-RichTests */ = {
			isa = PBXGroup;
			children = (
				DDC5EC27265E472D00C94574 /* I_Am_RichTests.swift */,
				DDC5EC29265E472D00C94574 /* Info.plist */,
			);
			path = "I-Am-RichTests";
			sourceTree = "<group>";
		};
		DDC5EC31265E472D00C94574 /* I-Am-RichUITests */ = {
			isa = PBXGroup;
			children = (
				DDC5EC32265E472D00C94574 /* I_Am_RichUITests.swift */,
				DDC5EC34265E472D00C94574 /* Info.plist */,
			);
			path = "I-Am-RichUITests";
			sourceTree = "<group>";
		};
/* End PBXGroup section */

/* Begin PBXNativeTarget section */
		DDC5EC0C265E472B00C94574 /* I-Am-Rich */ = {
			isa = PBXNativeTarget;
			buildConfigurationList = DDC5EC37265E472D00C94574 /* Build configuration list for PBXNativeTarget "I-Am-Rich" */;
			buildPhases = (
				DDC5EC09265E472B00C94574 /* Sources */,
				DDC5EC0A265E472B00C94574 /* Frameworks */,
				DDC5EC0B265E472B00C94574 /* Resources */,
			);
			buildRules = (
			);
			dependencies = (
			);
			name = "I-Am-Rich";
			productName = "I-Am-Rich";
			productReference = DDC5EC0D265E472B00C94574 /* I-Am-Rich.app */;
			productType = "com.apple.product-type.application";
		};
		DDC5EC22265E472D00C94574 /* I-Am-RichTests */ = {
			isa = PBXNativeTarget;
			buildConfigurationList = DDC5EC3A265E472D00C94574 /* Build configuration list for PBXNativeTarget "I-Am-RichTests" */;
			buildPhases = (
				DDC5EC1F265E472D00C94574 /* Sources */,
				DDC5EC20265E472D00C94574 /* Frameworks */,
				DDC5EC21265E472D00C94574 /* Resources */,
			);
			buildRules = (
			);
			dependencies = (
				DDC5EC25265E472D00C94574 /* PBXTargetDependency */,
			);
			name = "I-Am-RichTests";
			productName = "I-Am-RichTests";
			productReference = DDC5EC23265E472D00C94574 /* I-Am-RichTests.xctest */;
			productType = "com.apple.product-type.bundle.unit-test";
		};
		DDC5EC2D265E472D00C94574 /* I-Am-RichUITests */ = {
			isa = PBXNativeTarget;
			buildConfigurationList = DDC5EC3D265E472D00C94574 /* Build configuration list for PBXNativeTarget "I-Am-RichUITests" */;
			buildPhases = (
				DDC5EC2A265E472D00C94574 /* Sources */,
				DDC5EC2B265E472D00C94574 /* Frameworks */,
				DDC5EC2C265E472D00C94574 /* Resources */,
			);
			buildRules = (
			);
			dependencies = (
				DDC5EC30265E472D00C94574 /* PBXTargetDependency */,
			);
			name = "I-Am-RichUITests";
			productName = "I-Am-RichUITests";
			productReference = DDC5EC2E265E472D00C94574 /* I-Am-RichUITests.xctest */;
			productType = "com.apple.product-type.bundle.ui-testing";
		};
/* End PBXNativeTarget section */

/* Begin PBXProject section */
		DDC5EC05265E472B00C94574 /* Project object */ = {
			isa = PBXProject;
			attributes = {
				LastSwiftUpdateCheck = 1250;
				LastUpgradeCheck = 1250;
				TargetAttributes = {
					DDC5EC0C265E472B00C94574 = {
						CreatedOnToolsVersion = 12.5;
					};
					DDC5EC22265E472D00C94574 = {
						CreatedOnToolsVersion = 12.5;
						TestTargetID = DDC5EC0C265E472B00C94574;
					};
					DDC5EC2D265E472D00C94574 = {
						CreatedOnToolsVersion = 12.5;
						TestTargetID = DDC5EC0C265E472B00C94574;
					};
				};
			};
			buildConfigurationList = DDC5EC08265E472B00C94574 /* Build configuration list for PBXProject "I-Am-Rich" */;
			compatibilityVersion = "Xcode 9.3";
			developmentRegion = en;
			hasScannedForEncodings = 0;
			knownRegions = (
				en,
				Base,
			);
			mainGroup = DDC5EC04265E472B00C94574;
			productRefGroup = DDC5EC0E265E472B00C94574 /* Products */;
			projectDirPath = "";
			projectRoot = "";
			targets = (
				DDC5EC0C265E472B00C94574 /* I-Am-Rich */,
				DDC5EC22265E472D00C94574 /* I-Am-RichTests */,
				DDC5EC2D265E472D00C94574 /* I-Am-RichUITests */,
			);
		};
/* End PBXProject section */

/* Begin PBXResourcesBuildPhase section */
		DDC5EC0B265E472B00C94574 /* Resources */ = {
			isa = PBXResourcesBuildPhase;
			buildActionMask = 2147483647;
			files = (
				DDC5EC1D265E472D00C94574 /* LaunchScreen.storyboard in Resources */,
				DDC5EC1A265E472D00C94574 /* Assets.xcassets in Resources */,
				DDC5EC18265E472B00C94574 /* Main.storyboard in Resources */,
			);
			runOnlyForDeploymentPostprocessing = 0;
		};
		DDC5EC21265E472D00C94574 /* Resources */ = {
			isa = PBXResourcesBuildPhase;
			buildActionMask = 2147483647;
			files = (
			);
			runOnlyForDeploymentPostprocessing = 0;
		};
		DDC5EC2C265E472D00C94574 /* Resources */ = {
			isa = PBXResourcesBuildPhase;
			buildActionMask = 2147483647;
			files = (
			);
			runOnlyForDeploymentPostprocessing = 0;
		};
/* End PBXResourcesBuildPhase section */

/* Begin PBXSourcesBuildPhase section */
		DDC5EC09265E472B00C94574 /* Sources */ = {
			isa = PBXSourcesBuildPhase;
			buildActionMask = 2147483647;
			files = (
				DDC5EC15265E472B00C94574 /* ViewController.swift in Sources */,
				DDC5EC11265E472B00C94574 /* AppDelegate.swift in Sources */,
				DDC5EC13265E472B00C94574 /* SceneDelegate.swift in Sources */,
			);
			runOnlyForDeploymentPostprocessing = 0;
		};
		DDC5EC1F265E472D00C94574 /* Sources */ = {
			isa = PBXSourcesBuildPhase;
			buildActionMask = 2147483647;
			files = (
				DDC5EC28265E472D00C94574 /* I_Am_RichTests.swift in Sources */,
			);
			runOnlyForDeploymentPostprocessing = 0;
		};
		DDC5EC2A265E472D00C94574 /* Sources */ = {
			isa = PBXSourcesBuildPhase;
			buildActionMask = 2147483647;
			files = (
				DDC5EC33265E472D00C94574 /* I_Am_RichUITests.swift in Sources */,
			);
			runOnlyForDeploymentPostprocessing = 0;
		};
/* End PBXSourcesBuildPhase section */

/* Begin PBXTargetDependency section */
		DDC5EC25265E472D00C94574 /* PBXTargetDependency */ = {
			isa = PBXTargetDependency;
			target = DDC5EC0C265E472B00C94574 /* I-Am-Rich */;
			targetProxy = DDC5EC24265E472D00C94574 /* PBXContainerItemProxy */;
		};
		DDC5EC30265E472D00C94574 /* PBXTargetDependency */ = {
			isa = PBXTargetDependency;
			target = DDC5EC0C265E472B00C94574 /* I-Am-Rich */;
			targetProxy = DDC5EC2F265E472D00C94574 /* PBXContainerItemProxy */;
		};
/* End PBXTargetDependency section */

/* Begin PBXVariantGroup section */
		DDC5EC16265E472B00C94574 /* Main.storyboard */ = {
			isa = PBXVariantGroup;
			children = (
				DDC5EC17265E472B00C94574 /* Base */,
			);
			name = Main.storyboard;
			sourceTree = "<group>";
		};
		DDC5EC1B265E472D00C94574 /* LaunchScreen.storyboard */ = {
			isa = PBXVariantGroup;
			children = (
				DDC5EC1C265E472D00C94574 /* Base */,
			);
			name = LaunchScreen.storyboard;
			sourceTree = "<group>";
		};
/* End PBXVariantGroup section */

/* Begin XCBuildConfiguration section */
		DDC5EC35265E472D00C94574 /* Debug */ = {
			isa = XCBuildConfiguration;
			buildSettings = {
				ALWAYS_SEARCH_USER_PATHS = NO;
				CLANG_ANALYZER_NONNULL = YES;
				CLANG_ANALYZER_NUMBER_OBJECT_CONVERSION = YES_AGGRESSIVE;
				CLANG_CXX_LANGUAGE_STANDARD = "gnu++14";
				CLANG_CXX_LIBRARY = "libc++";
				CLANG_ENABLE_MODULES = YES;
				CLANG_ENABLE_OBJC_ARC = YES;
				CLANG_ENABLE_OBJC_WEAK = YES;
				CLANG_WARN_BLOCK_CAPTURE_AUTORELEASING = YES;
				CLANG_WARN_BOOL_CONVERSION = YES;
				CLANG_WARN_COMMA = YES;
				CLANG_WARN_CONSTANT_CONVERSION = YES;
				CLANG_WARN_DEPRECATED_OBJC_IMPLEMENTATIONS = YES;
				CLANG_WARN_DIRECT_OBJC_ISA_USAGE = YES_ERROR;
				CLANG_WARN_DOCUMENTATION_COMMENTS = YES;
				CLANG_WARN_EMPTY_BODY = YES;
				CLANG_WARN_ENUM_CONVERSION = YES;
				CLANG_WARN_INFINITE_RECURSION = YES;
				CLANG_WARN_INT_CONVERSION = YES;
				CLANG_WARN_NON_LITERAL_NULL_CONVERSION = YES;
				CLANG_WARN_OBJC_IMPLICIT_RETAIN_SELF = YES;
				CLANG_WARN_OBJC_LITERAL_CONVERSION = YES;
				CLANG_WARN_OBJC_ROOT_CLASS = YES_ERROR;
				CLANG_WARN_QUOTED_INCLUDE_IN_FRAMEWORK_HEADER = YES;
				CLANG_WARN_RANGE_LOOP_ANALYSIS = YES;
				CLANG_WARN_STRICT_PROTOTYPES = YES;
				CLANG_WARN_SUSPICIOUS_MOVE = YES;
				CLANG_WARN_UNGUARDED_AVAILABILITY = YES_AGGRESSIVE;
				CLANG_WARN_UNREACHABLE_CODE = YES;
				CLANG_WARN__DUPLICATE_METHOD_MATCH = YES;
				COPY_PHASE_STRIP = NO;
				DEBUG_INFORMATION_FORMAT = dwarf;
				ENABLE_STRICT_OBJC_MSGSEND = YES;
				ENABLE_TESTABILITY = YES;
				GCC_C_LANGUAGE_STANDARD = gnu11;
				GCC_DYNAMIC_NO_PIC = NO;
				GCC_NO_COMMON_BLOCKS = YES;
				GCC_OPTIMIZATION_LEVEL = 0;
				GCC_PREPROCESSOR_DEFINITIONS = (
					"DEBUG=1",
					"$(inherited)",
				);
				GCC_WARN_64_TO_32_BIT_CONVERSION = YES;
				GCC_WARN_ABOUT_RETURN_TYPE = YES_ERROR;
				GCC_WARN_UNDECLARED_SELECTOR = YES;
				GCC_WARN_UNINITIALIZED_AUTOS = YES_AGGRESSIVE;
				GCC_WARN_UNUSED_FUNCTION = YES;
				GCC_WARN_UNUSED_VARIABLE = YES;
				IPHONEOS_DEPLOYMENT_TARGET = 14.5;
				MTL_ENABLE_DEBUG_INFO = INCLUDE_SOURCE;
				MTL_FAST_MATH = YES;
				ONLY_ACTIVE_ARCH = YES;
				SDKROOT = iphoneos;
				SWIFT_ACTIVE_COMPILATION_CONDITIONS = DEBUG;
				SWIFT_OPTIMIZATION_LEVEL = "-Onone";
			};
			name = Debug;
		};
		DDC5EC36265E472D00C94574 /* Release */ = {
			isa = XCBuildConfiguration;
			buildSettings = {
				ALWAYS_SEARCH_USER_PATHS = NO;
				CLANG_ANALYZER_NONNULL = YES;
				CLANG_ANALYZER_NUMBER_OBJECT_CONVERSION = YES_AGGRESSIVE;
				CLANG_CXX_LANGUAGE_STANDARD = "gnu++14";
				CLANG_CXX_LIBRARY = "libc++";
				CLANG_ENABLE_MODULES = YES;
				CLANG_ENABLE_OBJC_ARC = YES;
				CLANG_ENABLE_OBJC_WEAK = YES;
				CLANG_WARN_BLOCK_CAPTURE_AUTORELEASING = YES;
				CLANG_WARN_BOOL_CONVERSION = YES;
				CLANG_WARN_COMMA = YES;
				CLANG_WARN_CONSTANT_CONVERSION = YES;
				CLANG_WARN_DEPRECATED_OBJC_IMPLEMENTATIONS = YES;
				CLANG_WARN_DIRECT_OBJC_ISA_USAGE = YES_ERROR;
				CLANG_WARN_DOCUMENTATION_COMMENTS = YES;
				CLANG_WARN_EMPTY_BODY = YES;
				CLANG_WARN_ENUM_CONVERSION = YES;
				CLANG_WARN_INFINITE_RECURSION = YES;
				CLANG_WARN_INT_CONVERSION = YES;
				CLANG_WARN_NON_LITERAL_NULL_CONVERSION = YES;
				CLANG_WARN_OBJC_IMPLICIT_RETAIN_SELF = YES;
				CLANG_WARN_OBJC_LITERAL_CONVERSION = YES;
				CLANG_WARN_OBJC_ROOT_CLASS = YES_ERROR;
				CLANG_WARN_QUOTED_INCLUDE_IN_FRAMEWORK_HEADER = YES;
				CLANG_WARN_RANGE_LOOP_ANALYSIS = YES;
				CLANG_WARN_STRICT_PROTOTYPES = YES;
				CLANG_WARN_SUSPICIOUS_MOVE = YES;
				CLANG_WARN_UNGUARDED_AVAILABILITY = YES_AGGRESSIVE;
				CLANG_WARN_UNREACHABLE_CODE = YES;
				CLANG_WARN__DUPLICATE_METHOD_MATCH = YES;
				COPY_PHASE_STRIP = NO;
				DEBUG_INFORMATION_FORMAT = "dwarf-with-dsym";
				ENABLE_NS_ASSERTIONS = NO;
				ENABLE_STRICT_OBJC_MSGSEND = YES;
				GCC_C_LANGUAGE_STANDARD = gnu11;
				GCC_NO_COMMON_BLOCKS = YES;
				GCC_WARN_64_TO_32_BIT_CONVERSION = YES;
				GCC_WARN_ABOUT_RETURN_TYPE = YES_ERROR;
				GCC_WARN_UNDECLARED_SELECTOR = YES;
				GCC_WARN_UNINITIALIZED_AUTOS = YES_AGGRESSIVE;
				GCC_WARN_UNUSED_FUNCTION = YES;
				GCC_WARN_UNUSED_VARIABLE = YES;
				IPHONEOS_DEPLOYMENT_TARGET = 14.5;
				MTL_ENABLE_DEBUG_INFO = NO;
				MTL_FAST_MATH = YES;
				SDKROOT = iphoneos;
				SWIFT_COMPILATION_MODE = wholemodule;
				SWIFT_OPTIMIZATION_LEVEL = "-O";
				VALIDATE_PRODUCT = YES;
			};
			name = Release;
		};
		DDC5EC38265E472D00C94574 /* Debug */ = {
			isa = XCBuildConfiguration;
			buildSettings = {
				ASSETCATALOG_COMPILER_APPICON_NAME = AppIcon;
				ASSETCATALOG_COMPILER_GLOBAL_ACCENT_COLOR_NAME = AccentColor;
				CODE_SIGN_STYLE = Automatic;
				DEVELOPMENT_TEAM = SUPABGMD8K;
				INFOPLIST_FILE = "I-Am-Rich/Info.plist";
				LD_RUNPATH_SEARCH_PATHS = (
					"$(inherited)",
					"@executable_path/Frameworks",
				);
				PRODUCT_BUNDLE_IDENTIFIER = "com.kondetisidhartha.I-Am-Rich";
				PRODUCT_NAME = "$(TARGET_NAME)";
				SWIFT_VERSION = 5.0;
				TARGETED_DEVICE_FAMILY = "1,2";
			};
			name = Debug;
		};
		DDC5EC39265E472D00C94574 /* Release */ = {
			isa = XCBuildConfiguration;
			buildSettings = {
				ASSETCATALOG_COMPILER_APPICON_NAME = AppIcon;
				ASSETCATALOG_COMPILER_GLOBAL_ACCENT_COLOR_NAME = AccentColor;
				CODE_SIGN_STYLE = Automatic;
				DEVELOPMENT_TEAM = SUPABGMD8K;
				INFOPLIST_FILE = "I-Am-Rich/Info.plist";
				LD_RUNPATH_SEARCH_PATHS = (
					"$(inherited)",
					"@executable_path/Frameworks",
				);
				PRODUCT_BUNDLE_IDENTIFIER = "com.kondetisidhartha.I-Am-Rich";
				PRODUCT_NAME = "$(TARGET_NAME)";
				SWIFT_VERSION = 5.0;
				TARGETED_DEVICE_FAMILY = "1,2";
			};
			name = Release;
		};
		DDC5EC3B265E472D00C94574 /* Debug */ = {
			isa = XCBuildConfiguration;
			buildSettings = {
				ALWAYS_EMBED_SWIFT_STANDARD_LIBRARIES = YES;
				BUNDLE_LOADER = "$(TEST_HOST)";
				CODE_SIGN_STYLE = Automatic;
				INFOPLIST_FILE = "I-Am-RichTests/Info.plist";
				IPHONEOS_DEPLOYMENT_TARGET = 14.5;
				LD_RUNPATH_SEARCH_PATHS = (
					"$(inherited)",
					"@executable_path/Frameworks",
					"@loader_path/Frameworks",
				);
				PRODUCT_BUNDLE_IDENTIFIER = "com.kondetisidhartha.I-Am-RichTests";
				PRODUCT_NAME = "$(TARGET_NAME)";
				SWIFT_VERSION = 5.0;
				TARGETED_DEVICE_FAMILY = "1,2";
				TEST_HOST = "$(BUILT_PRODUCTS_DIR)/I-Am-Rich.app/I-Am-Rich";
			};
			name = Debug;
		};
		DDC5EC3C265E472D00C94574 /* Release */ = {
			isa = XCBuildConfiguration;
			buildSettings = {
				ALWAYS_EMBED_SWIFT_STANDARD_LIBRARIES = YES;
				BUNDLE_LOADER = "$(TEST_HOST)";
				CODE_SIGN_STYLE = Automatic;
				INFOPLIST_FILE = "I-Am-RichTests/Info.plist";
				IPHONEOS_DEPLOYMENT_TARGET = 14.5;
				LD_RUNPATH_SEARCH_PATHS = (
					"$(inherited)",
					"@executable_path/Frameworks",
					"@loader_path/Frameworks",
				);
				PRODUCT_BUNDLE_IDENTIFIER = "com.kondetisidhartha.I-Am-RichTests";
				PRODUCT_NAME = "$(TARGET_NAME)";
				SWIFT_VERSION = 5.0;
				TARGETED_DEVICE_FAMILY = "1,2";
				TEST_HOST = "$(BUILT_PRODUCTS_DIR)/I-Am-Rich.app/I-Am-Rich";
			};
			name = Release;
		};
		DDC5EC3E265E472D00C94574 /* Debug */ = {
			isa = XCBuildConfiguration;
			buildSettings = {
				ALWAYS_EMBED_SWIFT_STANDARD_LIBRARIES = YES;
				CODE_SIGN_STYLE = Automatic;
				INFOPLIST_FILE = "I-Am-RichUITests/Info.plist";
				LD_RUNPATH_SEARCH_PATHS = (
					"$(inherited)",
					"@executable_path/Frameworks",
					"@loader_path/Frameworks",
				);
				PRODUCT_BUNDLE_IDENTIFIER = "com.kondetisidhartha.I-Am-RichUITests";
				PRODUCT_NAME = "$(TARGET_NAME)";
				SWIFT_VERSION = 5.0;
				TARGETED_DEVICE_FAMILY = "1,2";
				TEST_TARGET_NAME = "I-Am-Rich";
			};
			name = Debug;
		};
		DDC5EC3F265E472D00C94574 /* Release */ = {
			isa = XCBuildConfiguration;
			buildSettings = {
				ALWAYS_EMBED_SWIFT_STANDARD_LIBRARIES = YES;
				CODE_SIGN_STYLE = Automatic;
				INFOPLIST_FILE = "I-Am-RichUITests/Info.plist";
				LD_RUNPATH_SEARCH_PATHS = (
					"$(inherited)",
					"@executable_path/Frameworks",
					"@loader_path/Frameworks",
				);
				PRODUCT_BUNDLE_IDENTIFIER = "com.kondetisidhartha.I-Am-RichUITests";
				PRODUCT_NAME = "$(TARGET_NAME)";
				SWIFT_VERSION = 5.0;
				TARGETED_DEVICE_FAMILY = "1,2";
				TEST_TARGET_NAME = "I-Am-Rich";
			};
			name = Release;
		};
/* End XCBuildConfiguration section */

/* Begin XCConfigurationList section */
		DDC5EC08265E472B00C94574 /* Build configuration list for PBXProject "I-Am-Rich" */ = {
			isa = XCConfigurationList;
			buildConfigurations = (
				DDC5EC35265E472D00C94574 /* Debug */,
				DDC5EC36265E472D00C94574 /* Release */,
			);
			defaultConfigurationIsVisible = 0;
			defaultConfigurationName = Release;
		};
		DDC5EC37265E472D00C94574 /* Build configuration list for PBXNativeTarget "I-Am-Rich" */ = {
			isa = XCConfigurationList;
			buildConfigurations = (
				DDC5EC38265E472D00C94574 /* Debug */,
				DDC5EC39265E472D00C94574 /* Release */,
			);
			defaultConfigurationIsVisible = 0;
			defaultConfigurationName = Release;
		};
		DDC5EC3A265E472D00C94574 /* Build configuration list for PBXNativeTarget "I-Am-RichTests" */ = {
			isa = XCConfigurationList;
			buildConfigurations = (
				DDC5EC3B265E472D00C94574 /* Debug */,
				DDC5EC3C265E472D00C94574 /* Release */,
			);
			defaultConfigurationIsVisible = 0;
			defaultConfigurationName = Release;
		};
		DDC5EC3D265E472D00C94574 /* Build configuration list for PBXNativeTarget "I-Am-RichUITests" */ = {
			isa = XCConfigurationList;
			buildConfigurations = (
				DDC5EC3E265E472D00C94574 /* Debug */,
				DDC5EC3F265E472D00C94574 /* Release */,
			);
			defaultConfigurationIsVisible = 0;
			defaultConfigurationName = Release;
		};
/* End XCConfigurationList section */
	};
	rootObject = DDC5EC05265E472B00C94574 /* Project object */;
}
